// !$*UTF8*$!
{
	archiveVersion = 1;
	classes = {
	};
	objectVersion = 46;
	objects = {

/* Begin PBXBuildFile section */
		24D899B21FA80E8F00E47804 /* AvailablePetsTableViewController.swift in Sources */ = {isa = PBXBuildFile; fileRef = 24D899B11FA80E8F00E47804 /* AvailablePetsTableViewController.swift */; };
		24D899B41FA80EC900E47804 /* PetPageViewController.swift in Sources */ = {isa = PBXBuildFile; fileRef = 24D899B31FA80EC900E47804 /* PetPageViewController.swift */; };
		24D899B61FA8182500E47804 /* PetTableViewCell.swift in Sources */ = {isa = PBXBuildFile; fileRef = 24D899B51FA8182500E47804 /* PetTableViewCell.swift */; };
		C12EE1751FBE57750079CE29 /* Alamofire.framework in Frameworks */ = {isa = PBXBuildFile; fileRef = C12EE1671FBE56B90079CE29 /* Alamofire.framework */; };
		C14655221FA116DF006D20F4 /* LoginViewController.swift in Sources */ = {isa = PBXBuildFile; fileRef = C14655211FA116DF006D20F4 /* LoginViewController.swift */; };
		C14655241FA12245006D20F4 /* SignUpViewController.swift in Sources */ = {isa = PBXBuildFile; fileRef = C14655231FA12245006D20F4 /* SignUpViewController.swift */; };
		C19049041FA00D5F000F931B /* AppDelegate.swift in Sources */ = {isa = PBXBuildFile; fileRef = C19049031FA00D5F000F931B /* AppDelegate.swift */; };
		C19049091FA00D5F000F931B /* Main.storyboard in Resources */ = {isa = PBXBuildFile; fileRef = C19049071FA00D5F000F931B /* Main.storyboard */; };
		C190490C1FA00D5F000F931B /* Group16Alpha.xcdatamodeld in Sources */ = {isa = PBXBuildFile; fileRef = C190490A1FA00D5F000F931B /* Group16Alpha.xcdatamodeld */; };
		C190490E1FA00D5F000F931B /* Assets.xcassets in Resources */ = {isa = PBXBuildFile; fileRef = C190490D1FA00D5F000F931B /* Assets.xcassets */; };
		C19049111FA00D5F000F931B /* LaunchScreen.storyboard in Resources */ = {isa = PBXBuildFile; fileRef = C190490F1FA00D5F000F931B /* LaunchScreen.storyboard */; };
		C1F198481FA800DA00B41E96 /* sweet_sensations in Resources */ = {isa = PBXBuildFile; fileRef = C1F198471FA800DA00B41E96 /* sweet_sensations */; };
		C1F1984A1FA800F400B41E96 /* Sweet Sensations Personal Use.ttf in Resources */ = {isa = PBXBuildFile; fileRef = C1F198491FA800F400B41E96 /* Sweet Sensations Personal Use.ttf */; };
/* End PBXBuildFile section */

/* Begin PBXContainerItemProxy section */
		C12EE1661FBE56B90079CE29 /* PBXContainerItemProxy */ = {
			isa = PBXContainerItemProxy;
			containerPortal = C12EE15B1FBE56B90079CE29 /* Alamofire.xcodeproj */;
			proxyType = 2;
			remoteGlobalIDString = F8111E3319A95C8B0040E7D1;
			remoteInfo = "Alamofire iOS";
		};
		C12EE1681FBE56B90079CE29 /* PBXContainerItemProxy */ = {
			isa = PBXContainerItemProxy;
			containerPortal = C12EE15B1FBE56B90079CE29 /* Alamofire.xcodeproj */;
			proxyType = 2;
			remoteGlobalIDString = F8111E3E19A95C8B0040E7D1;
			remoteInfo = "Alamofire iOS Tests";
		};
		C12EE16A1FBE56B90079CE29 /* PBXContainerItemProxy */ = {
			isa = PBXContainerItemProxy;
			containerPortal = C12EE15B1FBE56B90079CE29 /* Alamofire.xcodeproj */;
			proxyType = 2;
			remoteGlobalIDString = 4DD67C0B1A5C55C900ED2280;
			remoteInfo = "Alamofire macOS";
		};
		C12EE16C1FBE56B90079CE29 /* PBXContainerItemProxy */ = {
			isa = PBXContainerItemProxy;
			containerPortal = C12EE15B1FBE56B90079CE29 /* Alamofire.xcodeproj */;
			proxyType = 2;
			remoteGlobalIDString = F829C6B21A7A94F100A2CD59;
			remoteInfo = "Alamofire macOS Tests";
		};
		C12EE16E1FBE56B90079CE29 /* PBXContainerItemProxy */ = {
			isa = PBXContainerItemProxy;
			containerPortal = C12EE15B1FBE56B90079CE29 /* Alamofire.xcodeproj */;
			proxyType = 2;
			remoteGlobalIDString = 4CF626EF1BA7CB3E0011A099;
			remoteInfo = "Alamofire tvOS";
		};
		C12EE1701FBE56B90079CE29 /* PBXContainerItemProxy */ = {
			isa = PBXContainerItemProxy;
			containerPortal = C12EE15B1FBE56B90079CE29 /* Alamofire.xcodeproj */;
			proxyType = 2;
			remoteGlobalIDString = 4CF626F81BA7CB3E0011A099;
			remoteInfo = "Alamofire tvOS Tests";
		};
		C12EE1721FBE56B90079CE29 /* PBXContainerItemProxy */ = {
			isa = PBXContainerItemProxy;
			containerPortal = C12EE15B1FBE56B90079CE29 /* Alamofire.xcodeproj */;
			proxyType = 2;
			remoteGlobalIDString = E4202FE01B667AA100C997FB;
			remoteInfo = "Alamofire watchOS";
		};
/* End PBXContainerItemProxy section */

/* Begin PBXFileReference section */
		24D899B11FA80E8F00E47804 /* AvailablePetsTableViewController.swift */ = {isa = PBXFileReference; fileEncoding = 4; lastKnownFileType = sourcecode.swift; path = AvailablePetsTableViewController.swift; sourceTree = "<group>"; };
		24D899B31FA80EC900E47804 /* PetPageViewController.swift */ = {isa = PBXFileReference; fileEncoding = 4; lastKnownFileType = sourcecode.swift; path = PetPageViewController.swift; sourceTree = "<group>"; };
		24D899B51FA8182500E47804 /* PetTableViewCell.swift */ = {isa = PBXFileReference; fileEncoding = 4; lastKnownFileType = sourcecode.swift; path = PetTableViewCell.swift; sourceTree = "<group>"; };
		C12EE15B1FBE56B90079CE29 /* Alamofire.xcodeproj */ = {isa = PBXFileReference; lastKnownFileType = "wrapper.pb-project"; path = Alamofire.xcodeproj; sourceTree = SOURCE_ROOT; };
		C14655211FA116DF006D20F4 /* LoginViewController.swift */ = {isa = PBXFileReference; fileEncoding = 4; lastKnownFileType = sourcecode.swift; path = LoginViewController.swift; sourceTree = "<group>"; };
		C14655231FA12245006D20F4 /* SignUpViewController.swift */ = {isa = PBXFileReference; fileEncoding = 4; lastKnownFileType = sourcecode.swift; path = SignUpViewController.swift; sourceTree = "<group>"; };
		C19049001FA00D5F000F931B /* Group16Alpha.app */ = {isa = PBXFileReference; explicitFileType = wrapper.application; includeInIndex = 0; path = Group16Alpha.app; sourceTree = BUILT_PRODUCTS_DIR; };
		C19049031FA00D5F000F931B /* AppDelegate.swift */ = {isa = PBXFileReference; lastKnownFileType = sourcecode.swift; path = AppDelegate.swift; sourceTree = "<group>"; };
		C19049081FA00D5F000F931B /* Base */ = {isa = PBXFileReference; lastKnownFileType = file.storyboard; name = Base; path = Base.lproj/Main.storyboard; sourceTree = "<group>"; };
		C190490B1FA00D5F000F931B /* Group16Alpha.xcdatamodel */ = {isa = PBXFileReference; lastKnownFileType = wrapper.xcdatamodel; path = Group16Alpha.xcdatamodel; sourceTree = "<group>"; };
		C190490D1FA00D5F000F931B /* Assets.xcassets */ = {isa = PBXFileReference; lastKnownFileType = folder.assetcatalog; path = Assets.xcassets; sourceTree = "<group>"; };
		C19049101FA00D5F000F931B /* Base */ = {isa = PBXFileReference; lastKnownFileType = file.storyboard; name = Base; path = Base.lproj/LaunchScreen.storyboard; sourceTree = "<group>"; };
		C19049121FA00D5F000F931B /* Info.plist */ = {isa = PBXFileReference; lastKnownFileType = text.plist.xml; path = Info.plist; sourceTree = "<group>"; };
		C1F198471FA800DA00B41E96 /* sweet_sensations */ = {isa = PBXFileReference; lastKnownFileType = folder; path = sweet_sensations; sourceTree = "<group>"; };
		C1F198491FA800F400B41E96 /* Sweet Sensations Personal Use.ttf */ = {isa = PBXFileReference; lastKnownFileType = file; name = "Sweet Sensations Personal Use.ttf"; path = "../Sweet Sensations Personal Use.ttf"; sourceTree = "<group>"; };
/* End PBXFileReference section */

/* Begin PBXFrameworksBuildPhase section */
		C19048FD1FA00D5F000F931B /* Frameworks */ = {
			isa = PBXFrameworksBuildPhase;
			buildActionMask = 2147483647;
			files = (
				C12EE1751FBE57750079CE29 /* Alamofire.framework in Frameworks */,
			);
			runOnlyForDeploymentPostprocessing = 0;
		};
/* End PBXFrameworksBuildPhase section */

/* Begin PBXGroup section */
		C12EE15C1FBE56B90079CE29 /* Products */ = {
			isa = PBXGroup;
			children = (
				C12EE1671FBE56B90079CE29 /* Alamofire.framework */,
				C12EE1691FBE56B90079CE29 /* Alamofire iOS Tests.xctest */,
				C12EE16B1FBE56B90079CE29 /* Alamofire.framework */,
				C12EE16D1FBE56B90079CE29 /* Alamofire macOS Tests.xctest */,
				C12EE16F1FBE56B90079CE29 /* Alamofire.framework */,
				C12EE1711FBE56B90079CE29 /* Alamofire tvOS Tests.xctest */,
				C12EE1731FBE56B90079CE29 /* Alamofire.framework */,
			);
			name = Products;
			sourceTree = "<group>";
		};
		C19048F71FA00D5F000F931B = {
			isa = PBXGroup;
			children = (
				C19049021FA00D5F000F931B /* Group16Alpha */,
				C19049011FA00D5F000F931B /* Products */,
			);
			sourceTree = "<group>";
		};
		C19049011FA00D5F000F931B /* Products */ = {
			isa = PBXGroup;
			children = (
				C19049001FA00D5F000F931B /* Group16Alpha.app */,
			);
			name = Products;
			sourceTree = "<group>";
		};
		C19049021FA00D5F000F931B /* Group16Alpha */ = {
			isa = PBXGroup;
			children = (
				C12EE15B1FBE56B90079CE29 /* Alamofire.xcodeproj */,
				C19049031FA00D5F000F931B /* AppDelegate.swift */,
				C19049071FA00D5F000F931B /* Main.storyboard */,
				C14655211FA116DF006D20F4 /* LoginViewController.swift */,
				C14655231FA12245006D20F4 /* SignUpViewController.swift */,
				24D899B11FA80E8F00E47804 /* AvailablePetsTableViewController.swift */,
				24D899B51FA8182500E47804 /* PetTableViewCell.swift */,
				24D899B31FA80EC900E47804 /* PetPageViewController.swift */,
				C190490F1FA00D5F000F931B /* LaunchScreen.storyboard */,
				C190490D1FA00D5F000F931B /* Assets.xcassets */,
				C1F198491FA800F400B41E96 /* Sweet Sensations Personal Use.ttf */,
				C1F198471FA800DA00B41E96 /* sweet_sensations */,
				C19049121FA00D5F000F931B /* Info.plist */,
				C190490A1FA00D5F000F931B /* Group16Alpha.xcdatamodeld */,
			);
			path = Group16Alpha;
			sourceTree = "<group>";
		};
/* End PBXGroup section */

/* Begin PBXNativeTarget section */
		C19048FF1FA00D5F000F931B /* Group16Alpha */ = {
			isa = PBXNativeTarget;
			buildConfigurationList = C19049151FA00D5F000F931B /* Build configuration list for PBXNativeTarget "Group16Alpha" */;
			buildPhases = (
				C19048FC1FA00D5F000F931B /* Sources */,
				C19048FD1FA00D5F000F931B /* Frameworks */,
				C19048FE1FA00D5F000F931B /* Resources */,
			);
			buildRules = (
			);
			dependencies = (
			);
			name = Group16Alpha;
			productName = Group16Alpha;
			productReference = C19049001FA00D5F000F931B /* Group16Alpha.app */;
			productType = "com.apple.product-type.application";
		};
/* End PBXNativeTarget section */

/* Begin PBXProject section */
		C19048F81FA00D5F000F931B /* Project object */ = {
			isa = PBXProject;
			attributes = {
				LastSwiftUpdateCheck = 0830;
				LastUpgradeCheck = 0830;
				ORGANIZATIONNAME = "Wyllie, Ellen L";
				TargetAttributes = {
					C19048FF1FA00D5F000F931B = {
						CreatedOnToolsVersion = 8.3.3;
						ProvisioningStyle = Automatic;
					};
				};
			};
			buildConfigurationList = C19048FB1FA00D5F000F931B /* Build configuration list for PBXProject "Group16Alpha" */;
			compatibilityVersion = "Xcode 3.2";
			developmentRegion = English;
			hasScannedForEncodings = 0;
			knownRegions = (
				en,
				Base,
			);
			mainGroup = C19048F71FA00D5F000F931B;
			productRefGroup = C19049011FA00D5F000F931B /* Products */;
			projectDirPath = "";
			projectReferences = (
				{
					ProductGroup = C12EE15C1FBE56B90079CE29 /* Products */;
					ProjectRef = C12EE15B1FBE56B90079CE29 /* Alamofire.xcodeproj */;
				},
			);
			projectRoot = "";
			targets = (
				C19048FF1FA00D5F000F931B /* Group16Alpha */,
			);
		};
/* End PBXProject section */

/* Begin PBXReferenceProxy section */
		C12EE1671FBE56B90079CE29 /* Alamofire.framework */ = {
			isa = PBXReferenceProxy;
			fileType = wrapper.framework;
			path = Alamofire.framework;
			remoteRef = C12EE1661FBE56B90079CE29 /* PBXContainerItemProxy */;
			sourceTree = BUILT_PRODUCTS_DIR;
		};
		C12EE1691FBE56B90079CE29 /* Alamofire iOS Tests.xctest */ = {
			isa = PBXReferenceProxy;
			fileType = wrapper.cfbundle;
			path = "Alamofire iOS Tests.xctest";
			remoteRef = C12EE1681FBE56B90079CE29 /* PBXContainerItemProxy */;
			sourceTree = BUILT_PRODUCTS_DIR;
		};
		C12EE16B1FBE56B90079CE29 /* Alamofire.framework */ = {
			isa = PBXReferenceProxy;
			fileType = wrapper.framework;
			path = Alamofire.framework;
			remoteRef = C12EE16A1FBE56B90079CE29 /* PBXContainerItemProxy */;
			sourceTree = BUILT_PRODUCTS_DIR;
		};
		C12EE16D1FBE56B90079CE29 /* Alamofire macOS Tests.xctest */ = {
			isa = PBXReferenceProxy;
			fileType = wrapper.cfbundle;
			path = "Alamofire macOS Tests.xctest";
			remoteRef = C12EE16C1FBE56B90079CE29 /* PBXContainerItemProxy */;
			sourceTree = BUILT_PRODUCTS_DIR;
		};
		C12EE16F1FBE56B90079CE29 /* Alamofire.framework */ = {
			isa = PBXReferenceProxy;
			fileType = wrapper.framework;
			path = Alamofire.framework;
			remoteRef = C12EE16E1FBE56B90079CE29 /* PBXContainerItemProxy */;
			sourceTree = BUILT_PRODUCTS_DIR;
		};
		C12EE1711FBE56B90079CE29 /* Alamofire tvOS Tests.xctest */ = {
			isa = PBXReferenceProxy;
			fileType = wrapper.cfbundle;
			path = "Alamofire tvOS Tests.xctest";
			remoteRef = C12EE1701FBE56B90079CE29 /* PBXContainerItemProxy */;
			sourceTree = BUILT_PRODUCTS_DIR;
		};
		C12EE1731FBE56B90079CE29 /* Alamofire.framework */ = {
			isa = PBXReferenceProxy;
			fileType = wrapper.framework;
			path = Alamofire.framework;
			remoteRef = C12EE1721FBE56B90079CE29 /* PBXContainerItemProxy */;
			sourceTree = BUILT_PRODUCTS_DIR;
		};
/* End PBXReferenceProxy section */

/* Begin PBXResourcesBuildPhase section */
		C19048FE1FA00D5F000F931B /* Resources */ = {
			isa = PBXResourcesBuildPhase;
			buildActionMask = 2147483647;
			files = (
				C19049111FA00D5F000F931B /* LaunchScreen.storyboard in Resources */,
				C190490E1FA00D5F000F931B /* Assets.xcassets in Resources */,
				C1F198481FA800DA00B41E96 /* sweet_sensations in Resources */,
				C1F1984A1FA800F400B41E96 /* Sweet Sensations Personal Use.ttf in Resources */,
				C19049091FA00D5F000F931B /* Main.storyboard in Resources */,
			);
			runOnlyForDeploymentPostprocessing = 0;
		};
/* End PBXResourcesBuildPhase section */

/* Begin PBXSourcesBuildPhase section */
		C19048FC1FA00D5F000F931B /* Sources */ = {
			isa = PBXSourcesBuildPhase;
			buildActionMask = 2147483647;
			files = (
				C14655221FA116DF006D20F4 /* LoginViewController.swift in Sources */,
				24D899B41FA80EC900E47804 /* PetPageViewController.swift in Sources */,
				24D899B21FA80E8F00E47804 /* AvailablePetsTableViewController.swift in Sources */,
				C19049041FA00D5F000F931B /* AppDelegate.swift in Sources */,
				C14655241FA12245006D20F4 /* SignUpViewController.swift in Sources */,
				24D899B61FA8182500E47804 /* PetTableViewCell.swift in Sources */,
				C190490C1FA00D5F000F931B /* Group16Alpha.xcdatamodeld in Sources */,
			);
			runOnlyForDeploymentPostprocessing = 0;
		};
/* End PBXSourcesBuildPhase section */

/* Begin PBXVariantGroup section */
		C19049071FA00D5F000F931B /* Main.storyboard */ = {
			isa = PBXVariantGroup;
			children = (
				C19049081FA00D5F000F931B /* Base */,
			);
			name = Main.storyboard;
			sourceTree = "<group>";
		};
		C190490F1FA00D5F000F931B /* LaunchScreen.storyboard */ = {
			isa = PBXVariantGroup;
			children = (
				C19049101FA00D5F000F931B /* Base */,
			);
			name = LaunchScreen.storyboard;
			sourceTree = "<group>";
		};
/* End PBXVariantGroup section */

/* Begin XCBuildConfiguration section */
		C19049131FA00D5F000F931B /* Debug */ = {
			isa = XCBuildConfiguration;
			buildSettings = {
				ALWAYS_SEARCH_USER_PATHS = NO;
				CLANG_ANALYZER_NONNULL = YES;
				CLANG_ANALYZER_NUMBER_OBJECT_CONVERSION = YES_AGGRESSIVE;
				CLANG_CXX_LANGUAGE_STANDARD = "gnu++0x";
				CLANG_CXX_LIBRARY = "libc++";
				CLANG_ENABLE_MODULES = YES;
				CLANG_ENABLE_OBJC_ARC = YES;
				CLANG_WARN_BOOL_CONVERSION = YES;
				CLANG_WARN_CONSTANT_CONVERSION = YES;
				CLANG_WARN_DIRECT_OBJC_ISA_USAGE = YES_ERROR;
				CLANG_WARN_DOCUMENTATION_COMMENTS = YES;
				CLANG_WARN_EMPTY_BODY = YES;
				CLANG_WARN_ENUM_CONVERSION = YES;
				CLANG_WARN_INFINITE_RECURSION = YES;
				CLANG_WARN_INT_CONVERSION = YES;
				CLANG_WARN_OBJC_ROOT_CLASS = YES_ERROR;
				CLANG_WARN_SUSPICIOUS_MOVE = YES;
				CLANG_WARN_UNREACHABLE_CODE = YES;
				CLANG_WARN__DUPLICATE_METHOD_MATCH = YES;
				"CODE_SIGN_IDENTITY[sdk=iphoneos*]" = "iPhone Developer";
				COPY_PHASE_STRIP = NO;
				DEBUG_INFORMATION_FORMAT = dwarf;
				ENABLE_STRICT_OBJC_MSGSEND = YES;
				ENABLE_TESTABILITY = YES;
				GCC_C_LANGUAGE_STANDARD = gnu99;
				GCC_DYNAMIC_NO_PIC = NO;
				GCC_NO_COMMON_BLOCKS = YES;
				GCC_OPTIMIZATION_LEVEL = 0;
				GCC_PREPROCESSOR_DEFINITIONS = (
					"DEBUG=1",
					"$(inherited)",
				);
				GCC_WARN_64_TO_32_BIT_CONVERSION = YES;
				GCC_WARN_ABOUT_RETURN_TYPE = YES_ERROR;
				GCC_WARN_UNDECLARED_SELECTOR = YES;
				GCC_WARN_UNINITIALIZED_AUTOS = YES_AGGRESSIVE;
				GCC_WARN_UNUSED_FUNCTION = YES;
				GCC_WARN_UNUSED_VARIABLE = YES;
				IPHONEOS_DEPLOYMENT_TARGET = 10.3;
				MTL_ENABLE_DEBUG_INFO = YES;
				ONLY_ACTIVE_ARCH = YES;
				SDKROOT = iphoneos;
				SWIFT_ACTIVE_COMPILATION_CONDITIONS = DEBUG;
				SWIFT_OPTIMIZATION_LEVEL = "-Onone";
				TARGETED_DEVICE_FAMILY = "1,2";
			};
			name = Debug;
		};
		C19049141FA00D5F000F931B /* Release */ = {
			isa = XCBuildConfiguration;
			buildSettings = {
				ALWAYS_SEARCH_USER_PATHS = NO;
				CLANG_ANALYZER_NONNULL = YES;
				CLANG_ANALYZER_NUMBER_OBJECT_CONVERSION = YES_AGGRESSIVE;
				CLANG_CXX_LANGUAGE_STANDARD = "gnu++0x";
				CLANG_CXX_LIBRARY = "libc++";
				CLANG_ENABLE_MODULES = YES;
				CLANG_ENABLE_OBJC_ARC = YES;
				CLANG_WARN_BOOL_CONVERSION = YES;
				CLANG_WARN_CONSTANT_CONVERSION = YES;
				CLANG_WARN_DIRECT_OBJC_ISA_USAGE = YES_ERROR;
				CLANG_WARN_DOCUMENTATION_COMMENTS = YES;
				CLANG_WARN_EMPTY_BODY = YES;
				CLANG_WARN_ENUM_CONVERSION = YES;
				CLANG_WARN_INFINITE_RECURSION = YES;
				CLANG_WARN_INT_CONVERSION = YES;
				CLANG_WARN_OBJC_ROOT_CLASS = YES_ERROR;
				CLANG_WARN_SUSPICIOUS_MOVE = YES;
				CLANG_WARN_UNREACHABLE_CODE = YES;
				CLANG_WARN__DUPLICATE_METHOD_MATCH = YES;
				"CODE_SIGN_IDENTITY[sdk=iphoneos*]" = "iPhone Developer";
				COPY_PHASE_STRIP = NO;
				DEBUG_INFORMATION_FORMAT = "dwarf-with-dsym";
				ENABLE_NS_ASSERTIONS = NO;
				ENABLE_STRICT_OBJC_MSGSEND = YES;
				GCC_C_LANGUAGE_STANDARD = gnu99;
				GCC_NO_COMMON_BLOCKS = YES;
				GCC_WARN_64_TO_32_BIT_CONVERSION = YES;
				GCC_WARN_ABOUT_RETURN_TYPE = YES_ERROR;
				GCC_WARN_UNDECLARED_SELECTOR = YES;
				GCC_WARN_UNINITIALIZED_AUTOS = YES_AGGRESSIVE;
				GCC_WARN_UNUSED_FUNCTION = YES;
				GCC_WARN_UNUSED_VARIABLE = YES;
				IPHONEOS_DEPLOYMENT_TARGET = 10.3;
				MTL_ENABLE_DEBUG_INFO = NO;
				SDKROOT = iphoneos;
				SWIFT_OPTIMIZATION_LEVEL = "-Owholemodule";
				TARGETED_DEVICE_FAMILY = "1,2";
				VALIDATE_PRODUCT = YES;
			};
			name = Release;
		};
		C19049161FA00D5F000F931B /* Debug */ = {
			isa = XCBuildConfiguration;
			buildSettings = {
				ASSETCATALOG_COMPILER_APPICON_NAME = AppIcon;
				INFOPLIST_FILE = Group16Alpha/Info.plist;
				LD_RUNPATH_SEARCH_PATHS = "$(inherited) @executable_path/Frameworks";
				PRODUCT_BUNDLE_IDENTIFIER = cs329e.Group16Alpha;
				PRODUCT_NAME = "$(TARGET_NAME)";
				SWIFT_VERSION = 3.0;
			};
			name = Debug;
		};
		C19049171FA00D5F000F931B /* Release */ = {
			isa = XCBuildConfiguration;
			buildSettings = {
				ASSETCATALOG_COMPILER_APPICON_NAME = AppIcon;
				INFOPLIST_FILE = Group16Alpha/Info.plist;
				LD_RUNPATH_SEARCH_PATHS = "$(inherited) @executable_path/Frameworks";
				PRODUCT_BUNDLE_IDENTIFIER = cs329e.Group16Alpha;
				PRODUCT_NAME = "$(TARGET_NAME)";
				SWIFT_VERSION = 3.0;
			};
			name = Release;
		};
/* End XCBuildConfiguration section */

/* Begin XCConfigurationList section */
		C19048FB1FA00D5F000F931B /* Build configuration list for PBXProject "Group16Alpha" */ = {
			isa = XCConfigurationList;
			buildConfigurations = (
				C19049131FA00D5F000F931B /* Debug */,
				C19049141FA00D5F000F931B /* Release */,
			);
			defaultConfigurationIsVisible = 0;
			defaultConfigurationName = Release;
		};
		C19049151FA00D5F000F931B /* Build configuration list for PBXNativeTarget "Group16Alpha" */ = {
			isa = XCConfigurationList;
			buildConfigurations = (
				C19049161FA00D5F000F931B /* Debug */,
				C19049171FA00D5F000F931B /* Release */,
			);
			defaultConfigurationIsVisible = 0;
			defaultConfigurationName = Release;
		};
/* End XCConfigurationList section */

/* Begin XCVersionGroup section */
		C190490A1FA00D5F000F931B /* Group16Alpha.xcdatamodeld */ = {
			isa = XCVersionGroup;
			children = (
				C190490B1FA00D5F000F931B /* Group16Alpha.xcdatamodel */,
			);
			currentVersion = C190490B1FA00D5F000F931B /* Group16Alpha.xcdatamodel */;
			path = Group16Alpha.xcdatamodeld;
			sourceTree = "<group>";
			versionGroupType = wrapper.xcdatamodel;
		};
/* End XCVersionGroup section */
	};
	rootObject = C19048F81FA00D5F000F931B /* Project object */;
}
